
Microsoft Visual Studio Solution File, Format Version 12.00
# Visual Studio 15
VisualStudioVersion = 15.0.28016.0
MinimumVisualStudioVersion = 10.0.40219.1
Project("{FAE04EC0-301F-11D3-BF4B-00C04F79EFBC}") = "evvegiotos", "evvegiotos\evvegiotos.csproj", "{29890674-5977-45CC-ACCD-74C4CA86017B}"
EndProject
Global
	GlobalSection(SolutionConfigurationPlatforms) = preSolution
		Debug|Any CPU = Debug|Any CPU
		Release|Any CPU = Release|Any CPU
	EndGlobalSection
	GlobalSection(ProjectConfigurationPlatforms) = postSolution
		{29890674-5977-45CC-ACCD-74C4CA86017B}.Debug|Any CPU.ActiveCfg = Debug|Any CPU
		{29890674-5977-45CC-ACCD-74C4CA86017B}.Debug|Any CPU.Build.0 = Debug|Any CPU
		{29890674-5977-45CC-ACCD-74C4CA86017B}.Release|Any CPU.ActiveCfg = Release|Any CPU
		{29890674-5977-45CC-ACCD-74C4CA86017B}.Release|Any CPU.Build.0 = Release|Any CPU
	EndGlobalSection
	GlobalSection(SolutionProperties) = preSolution
		HideSolutionNode = FALSE
	EndGlobalSection
	GlobalSection(ExtensibilityGlobals) = postSolution
		SolutionGuid = {A204EB8F-FDF7-4DE7-8EC6-9C2C0A91BBD3}
	EndGlobalSection
EndGlobal
