
Microsoft Visual Studio Solution File, Format Version 12.00
# Visual Studio 15
VisualStudioVersion = 15.0.28016.0
MinimumVisualStudioVersion = 10.0.40219.1
Project("{FAE04EC0-301F-11D3-BF4B-00C04F79EFBC}") = "fajlList", "fajlList\fajlList.csproj", "{F7C5E82E-C42F-4311-88A2-2CBF89EDB5B8}"
EndProject
Global
	GlobalSection(SolutionConfigurationPlatforms) = preSolution
		Debug|Any CPU = Debug|Any CPU
		Release|Any CPU = Release|Any CPU
	EndGlobalSection
	GlobalSection(ProjectConfigurationPlatforms) = postSolution
		{F7C5E82E-C42F-4311-88A2-2CBF89EDB5B8}.Debug|Any CPU.ActiveCfg = Debug|Any CPU
		{F7C5E82E-C42F-4311-88A2-2CBF89EDB5B8}.Debug|Any CPU.Build.0 = Debug|Any CPU
		{F7C5E82E-C42F-4311-88A2-2CBF89EDB5B8}.Release|Any CPU.ActiveCfg = Release|Any CPU
		{F7C5E82E-C42F-4311-88A2-2CBF89EDB5B8}.Release|Any CPU.Build.0 = Release|Any CPU
	EndGlobalSection
	GlobalSection(SolutionProperties) = preSolution
		HideSolutionNode = FALSE
	EndGlobalSection
	GlobalSection(ExtensibilityGlobals) = postSolution
		SolutionGuid = {98BB5BD8-9D0A-40E2-8BDF-09746A7DD9D3}
	EndGlobalSection
EndGlobal
