
Microsoft Visual Studio Solution File, Format Version 12.00
# Visual Studio 15
VisualStudioVersion = 15.0.28016.0
MinimumVisualStudioVersion = 10.0.40219.1
Project("{FAE04EC0-301F-11D3-BF4B-00C04F79EFBC}") = "szamokosztoja", "szamokosztoja\szamokosztoja.csproj", "{9F0D332E-8273-47A6-9C2E-503776CCCE38}"
EndProject
Global
	GlobalSection(SolutionConfigurationPlatforms) = preSolution
		Debug|Any CPU = Debug|Any CPU
		Release|Any CPU = Release|Any CPU
	EndGlobalSection
	GlobalSection(ProjectConfigurationPlatforms) = postSolution
		{9F0D332E-8273-47A6-9C2E-503776CCCE38}.Debug|Any CPU.ActiveCfg = Debug|Any CPU
		{9F0D332E-8273-47A6-9C2E-503776CCCE38}.Debug|Any CPU.Build.0 = Debug|Any CPU
		{9F0D332E-8273-47A6-9C2E-503776CCCE38}.Release|Any CPU.ActiveCfg = Release|Any CPU
		{9F0D332E-8273-47A6-9C2E-503776CCCE38}.Release|Any CPU.Build.0 = Release|Any CPU
	EndGlobalSection
	GlobalSection(SolutionProperties) = preSolution
		HideSolutionNode = FALSE
	EndGlobalSection
	GlobalSection(ExtensibilityGlobals) = postSolution
		SolutionGuid = {FF3FB3F4-875C-4F87-BAEF-5D76A1C34B01}
	EndGlobalSection
EndGlobal
